// !$*UTF8*$!
{
	archiveVersion = 1;
	classes = {
	};
	objectVersion = 56;
	objects = {

/* Begin PBXBuildFile section */
		50E19DD02C67DB2D00467A35 /* AppDelegate.swift in Sources */ = {isa = PBXBuildFile; fileRef = 50E19DCF2C67DB2D00467A35 /* AppDelegate.swift */; };
		50E19DD22C67DB2D00467A35 /* SceneDelegate.swift in Sources */ = {isa = PBXBuildFile; fileRef = 50E19DD12C67DB2D00467A35 /* SceneDelegate.swift */; };
		50E19DD42C67DB2D00467A35 /* ViewController.swift in Sources */ = {isa = PBXBuildFile; fileRef = 50E19DD32C67DB2D00467A35 /* ViewController.swift */; };
		50E19DD72C67DB2D00467A35 /* Main.storyboard in Resources */ = {isa = PBXBuildFile; fileRef = 50E19DD52C67DB2D00467A35 /* Main.storyboard */; };
		50E19DD92C67DB2F00467A35 /* Assets.xcassets in Resources */ = {isa = PBXBuildFile; fileRef = 50E19DD82C67DB2F00467A35 /* Assets.xcassets */; };
		50E19DDC2C67DB2F00467A35 /* LaunchScreen.storyboard in Resources */ = {isa = PBXBuildFile; fileRef = 50E19DDA2C67DB2F00467A35 /* LaunchScreen.storyboard */; };
		50E19DE72C67DB2F00467A35 /* CafeAppTests.swift in Sources */ = {isa = PBXBuildFile; fileRef = 50E19DE62C67DB2F00467A35 /* CafeAppTests.swift */; };
		50E19DF12C67DB2F00467A35 /* CafeAppUITests.swift in Sources */ = {isa = PBXBuildFile; fileRef = 50E19DF02C67DB2F00467A35 /* CafeAppUITests.swift */; };
		50E19DF32C67DB2F00467A35 /* CafeAppUITestsLaunchTests.swift in Sources */ = {isa = PBXBuildFile; fileRef = 50E19DF22C67DB2F00467A35 /* CafeAppUITestsLaunchTests.swift */; };
		50E19E012C67DDFA00467A35 /* CafeTableViewCell.swift in Sources */ = {isa = PBXBuildFile; fileRef = 50E19DFF2C67DDFA00467A35 /* CafeTableViewCell.swift */; };
		50E19E022C67DDFA00467A35 /* CafeTableViewCell.xib in Resources */ = {isa = PBXBuildFile; fileRef = 50E19E002C67DDFA00467A35 /* CafeTableViewCell.xib */; };
/* End PBXBuildFile section */

/* Begin PBXContainerItemProxy section */
		50E19DE32C67DB2F00467A35 /* PBXContainerItemProxy */ = {
			isa = PBXContainerItemProxy;
			containerPortal = 50E19DC42C67DB2D00467A35 /* Project object */;
			proxyType = 1;
			remoteGlobalIDString = 50E19DCB2C67DB2D00467A35;
			remoteInfo = CafeApp;
		};
		50E19DED2C67DB2F00467A35 /* PBXContainerItemProxy */ = {
			isa = PBXContainerItemProxy;
			containerPortal = 50E19DC42C67DB2D00467A35 /* Project object */;
			proxyType = 1;
			remoteGlobalIDString = 50E19DCB2C67DB2D00467A35;
			remoteInfo = CafeApp;
		};
/* End PBXContainerItemProxy section */

/* Begin PBXFileReference section */
		50E19DCC2C67DB2D00467A35 /* CafeApp.app */ = {isa = PBXFileReference; explicitFileType = wrapper.application; includeInIndex = 0; path = CafeApp.app; sourceTree = BUILT_PRODUCTS_DIR; };
		50E19DCF2C67DB2D00467A35 /* AppDelegate.swift */ = {isa = PBXFileReference; lastKnownFileType = sourcecode.swift; path = AppDelegate.swift; sourceTree = "<group>"; };
		50E19DD12C67DB2D00467A35 /* SceneDelegate.swift */ = {isa = PBXFileReference; lastKnownFileType = sourcecode.swift; path = SceneDelegate.swift; sourceTree = "<group>"; };
		50E19DD32C67DB2D00467A35 /* ViewController.swift */ = {isa = PBXFileReference; lastKnownFileType = sourcecode.swift; path = ViewController.swift; sourceTree = "<group>"; };
		50E19DD62C67DB2D00467A35 /* Base */ = {isa = PBXFileReference; lastKnownFileType = file.storyboard; name = Base; path = Base.lproj/Main.storyboard; sourceTree = "<group>"; };
		50E19DD82C67DB2F00467A35 /* Assets.xcassets */ = {isa = PBXFileReference; lastKnownFileType = folder.assetcatalog; path = Assets.xcassets; sourceTree = "<group>"; };
		50E19DDB2C67DB2F00467A35 /* Base */ = {isa = PBXFileReference; lastKnownFileType = file.storyboard; name = Base; path = Base.lproj/LaunchScreen.storyboard; sourceTree = "<group>"; };
		50E19DDD2C67DB2F00467A35 /* Info.plist */ = {isa = PBXFileReference; lastKnownFileType = text.plist.xml; path = Info.plist; sourceTree = "<group>"; };
		50E19DE22C67DB2F00467A35 /* CafeAppTests.xctest */ = {isa = PBXFileReference; explicitFileType = wrapper.cfbundle; includeInIndex = 0; path = CafeAppTests.xctest; sourceTree = BUILT_PRODUCTS_DIR; };
		50E19DE62C67DB2F00467A35 /* CafeAppTests.swift */ = {isa = PBXFileReference; lastKnownFileType = sourcecode.swift; path = CafeAppTests.swift; sourceTree = "<group>"; };
		50E19DEC2C67DB2F00467A35 /* CafeAppUITests.xctest */ = {isa = PBXFileReference; explicitFileType = wrapper.cfbundle; includeInIndex = 0; path = CafeAppUITests.xctest; sourceTree = BUILT_PRODUCTS_DIR; };
		50E19DF02C67DB2F00467A35 /* CafeAppUITests.swift */ = {isa = PBXFileReference; lastKnownFileType = sourcecode.swift; path = CafeAppUITests.swift; sourceTree = "<group>"; };
		50E19DF22C67DB2F00467A35 /* CafeAppUITestsLaunchTests.swift */ = {isa = PBXFileReference; lastKnownFileType = sourcecode.swift; path = CafeAppUITestsLaunchTests.swift; sourceTree = "<group>"; };
		50E19DFF2C67DDFA00467A35 /* CafeTableViewCell.swift */ = {isa = PBXFileReference; lastKnownFileType = sourcecode.swift; path = CafeTableViewCell.swift; sourceTree = "<group>"; };
		50E19E002C67DDFA00467A35 /* CafeTableViewCell.xib */ = {isa = PBXFileReference; lastKnownFileType = file.xib; path = CafeTableViewCell.xib; sourceTree = "<group>"; };
/* End PBXFileReference section */

/* Begin PBXFrameworksBuildPhase section */
		50E19DC92C67DB2D00467A35 /* Frameworks */ = {
			isa = PBXFrameworksBuildPhase;
			buildActionMask = 2147483647;
			files = (
			);
			runOnlyForDeploymentPostprocessing = 0;
		};
		50E19DDF2C67DB2F00467A35 /* Frameworks */ = {
			isa = PBXFrameworksBuildPhase;
			buildActionMask = 2147483647;
			files = (
			);
			runOnlyForDeploymentPostprocessing = 0;
		};
		50E19DE92C67DB2F00467A35 /* Frameworks */ = {
			isa = PBXFrameworksBuildPhase;
			buildActionMask = 2147483647;
			files = (
			);
			runOnlyForDeploymentPostprocessing = 0;
		};
/* End PBXFrameworksBuildPhase section */

/* Begin PBXGroup section */
		50E19DC32C67DB2D00467A35 = {
			isa = PBXGroup;
			children = (
				50E19DCE2C67DB2D00467A35 /* CafeApp */,
				50E19DE52C67DB2F00467A35 /* CafeAppTests */,
				50E19DEF2C67DB2F00467A35 /* CafeAppUITests */,
				50E19DCD2C67DB2D00467A35 /* Products */,
			);
			sourceTree = "<group>";
		};
		50E19DCD2C67DB2D00467A35 /* Products */ = {
			isa = PBXGroup;
			children = (
				50E19DCC2C67DB2D00467A35 /* CafeApp.app */,
				50E19DE22C67DB2F00467A35 /* CafeAppTests.xctest */,
				50E19DEC2C67DB2F00467A35 /* CafeAppUITests.xctest */,
			);
			name = Products;
			sourceTree = "<group>";
		};
		50E19DCE2C67DB2D00467A35 /* CafeApp */ = {
			isa = PBXGroup;
			children = (
				50E19DCF2C67DB2D00467A35 /* AppDelegate.swift */,
				50E19DD12C67DB2D00467A35 /* SceneDelegate.swift */,
				50E19DD32C67DB2D00467A35 /* ViewController.swift */,
				50E19DFF2C67DDFA00467A35 /* CafeTableViewCell.swift */,
				50E19E002C67DDFA00467A35 /* CafeTableViewCell.xib */,
				50E19DD52C67DB2D00467A35 /* Main.storyboard */,
				50E19DD82C67DB2F00467A35 /* Assets.xcassets */,
				50E19DDA2C67DB2F00467A35 /* LaunchScreen.storyboard */,
				50E19DDD2C67DB2F00467A35 /* Info.plist */,
			);
			path = CafeApp;
			sourceTree = "<group>";
		};
		50E19DE52C67DB2F00467A35 /* CafeAppTests */ = {
			isa = PBXGroup;
			children = (
				50E19DE62C67DB2F00467A35 /* CafeAppTests.swift */,
			);
			path = CafeAppTests;
			sourceTree = "<group>";
		};
		50E19DEF2C67DB2F00467A35 /* CafeAppUITests */ = {
			isa = PBXGroup;
			children = (
				50E19DF02C67DB2F00467A35 /* CafeAppUITests.swift */,
				50E19DF22C67DB2F00467A35 /* CafeAppUITestsLaunchTests.swift */,
			);
			path = CafeAppUITests;
			sourceTree = "<group>";
		};
/* End PBXGroup section */

/* Begin PBXNativeTarget section */
		50E19DCB2C67DB2D00467A35 /* CafeApp */ = {
			isa = PBXNativeTarget;
			buildConfigurationList = 50E19DF62C67DB2F00467A35 /* Build configuration list for PBXNativeTarget "CafeApp" */;
			buildPhases = (
				50E19DC82C67DB2D00467A35 /* Sources */,
				50E19DC92C67DB2D00467A35 /* Frameworks */,
				50E19DCA2C67DB2D00467A35 /* Resources */,
			);
			buildRules = (
			);
			dependencies = (
			);
			name = CafeApp;
			productName = CafeApp;
			productReference = 50E19DCC2C67DB2D00467A35 /* CafeApp.app */;
			productType = "com.apple.product-type.application";
		};
		50E19DE12C67DB2F00467A35 /* CafeAppTests */ = {
			isa = PBXNativeTarget;
			buildConfigurationList = 50E19DF92C67DB2F00467A35 /* Build configuration list for PBXNativeTarget "CafeAppTests" */;
			buildPhases = (
				50E19DDE2C67DB2F00467A35 /* Sources */,
				50E19DDF2C67DB2F00467A35 /* Frameworks */,
				50E19DE02C67DB2F00467A35 /* Resources */,
			);
			buildRules = (
			);
			dependencies = (
				50E19DE42C67DB2F00467A35 /* PBXTargetDependency */,
			);
			name = CafeAppTests;
			productName = CafeAppTests;
			productReference = 50E19DE22C67DB2F00467A35 /* CafeAppTests.xctest */;
			productType = "com.apple.product-type.bundle.unit-test";
		};
		50E19DEB2C67DB2F00467A35 /* CafeAppUITests */ = {
			isa = PBXNativeTarget;
			buildConfigurationList = 50E19DFC2C67DB2F00467A35 /* Build configuration list for PBXNativeTarget "CafeAppUITests" */;
			buildPhases = (
				50E19DE82C67DB2F00467A35 /* Sources */,
				50E19DE92C67DB2F00467A35 /* Frameworks */,
				50E19DEA2C67DB2F00467A35 /* Resources */,
			);
			buildRules = (
			);
			dependencies = (
				50E19DEE2C67DB2F00467A35 /* PBXTargetDependency */,
			);
			name = CafeAppUITests;
			productName = CafeAppUITests;
			productReference = 50E19DEC2C67DB2F00467A35 /* CafeAppUITests.xctest */;
			productType = "com.apple.product-type.bundle.ui-testing";
		};
/* End PBXNativeTarget section */

/* Begin PBXProject section */
		50E19DC42C67DB2D00467A35 /* Project object */ = {
			isa = PBXProject;
			attributes = {
				BuildIndependentTargetsInParallel = 1;
				LastSwiftUpdateCheck = 1520;
				LastUpgradeCheck = 1520;
				TargetAttributes = {
					50E19DCB2C67DB2D00467A35 = {
						CreatedOnToolsVersion = 15.2;
					};
					50E19DE12C67DB2F00467A35 = {
						CreatedOnToolsVersion = 15.2;
						TestTargetID = 50E19DCB2C67DB2D00467A35;
					};
					50E19DEB2C67DB2F00467A35 = {
						CreatedOnToolsVersion = 15.2;
						TestTargetID = 50E19DCB2C67DB2D00467A35;
					};
				};
			};
			buildConfigurationList = 50E19DC72C67DB2D00467A35 /* Build configuration list for PBXProject "CafeApp" */;
			compatibilityVersion = "Xcode 14.0";
			developmentRegion = en;
			hasScannedForEncodings = 0;
			knownRegions = (
				en,
				Base,
			);
			mainGroup = 50E19DC32C67DB2D00467A35;
			productRefGroup = 50E19DCD2C67DB2D00467A35 /* Products */;
			projectDirPath = "";
			projectRoot = "";
			targets = (
				50E19DCB2C67DB2D00467A35 /* CafeApp */,
				50E19DE12C67DB2F00467A35 /* CafeAppTests */,
				50E19DEB2C67DB2F00467A35 /* CafeAppUITests */,
			);
		};
/* End PBXProject section */

/* Begin PBXResourcesBuildPhase section */
		50E19DCA2C67DB2D00467A35 /* Resources */ = {
			isa = PBXResourcesBuildPhase;
			buildActionMask = 2147483647;
			files = (
				50E19E022C67DDFA00467A35 /* CafeTableViewCell.xib in Resources */,
				50E19DDC2C67DB2F00467A35 /* LaunchScreen.storyboard in Resources */,
				50E19DD92C67DB2F00467A35 /* Assets.xcassets in Resources */,
				50E19DD72C67DB2D00467A35 /* Main.storyboard in Resources */,
			);
			runOnlyForDeploymentPostprocessing = 0;
		};
		50E19DE02C67DB2F00467A35 /* Resources */ = {
			isa = PBXResourcesBuildPhase;
			buildActionMask = 2147483647;
			files = (
			);
			runOnlyForDeploymentPostprocessing = 0;
		};
		50E19DEA2C67DB2F00467A35 /* Resources */ = {
			isa = PBXResourcesBuildPhase;
			buildActionMask = 2147483647;
			files = (
			);
			runOnlyForDeploymentPostprocessing = 0;
		};
/* End PBXResourcesBuildPhase section */

/* Begin PBXSourcesBuildPhase section */
		50E19DC82C67DB2D00467A35 /* Sources */ = {
			isa = PBXSourcesBuildPhase;
			buildActionMask = 2147483647;
			files = (
				50E19E012C67DDFA00467A35 /* CafeTableViewCell.swift in Sources */,
				50E19DD42C67DB2D00467A35 /* ViewController.swift in Sources */,
				50E19DD02C67DB2D00467A35 /* AppDelegate.swift in Sources */,
				50E19DD22C67DB2D00467A35 /* SceneDelegate.swift in Sources */,
			);
			runOnlyForDeploymentPostprocessing = 0;
		};
		50E19DDE2C67DB2F00467A35 /* Sources */ = {
			isa = PBXSourcesBuildPhase;
			buildActionMask = 2147483647;
			files = (
				50E19DE72C67DB2F00467A35 /* CafeAppTests.swift in Sources */,
			);
			runOnlyForDeploymentPostprocessing = 0;
		};
		50E19DE82C67DB2F00467A35 /* Sources */ = {
			isa = PBXSourcesBuildPhase;
			buildActionMask = 2147483647;
			files = (
				50E19DF12C67DB2F00467A35 /* CafeAppUITests.swift in Sources */,
				50E19DF32C67DB2F00467A35 /* CafeAppUITestsLaunchTests.swift in Sources */,
			);
			runOnlyForDeploymentPostprocessing = 0;
		};
/* End PBXSourcesBuildPhase section */

/* Begin PBXTargetDependency section */
		50E19DE42C67DB2F00467A35 /* PBXTargetDependency */ = {
			isa = PBXTargetDependency;
			target = 50E19DCB2C67DB2D00467A35 /* CafeApp */;
			targetProxy = 50E19DE32C67DB2F00467A35 /* PBXContainerItemProxy */;
		};
		50E19DEE2C67DB2F00467A35 /* PBXTargetDependency */ = {
			isa = PBXTargetDependency;
			target = 50E19DCB2C67DB2D00467A35 /* CafeApp */;
			targetProxy = 50E19DED2C67DB2F00467A35 /* PBXContainerItemProxy */;
		};
/* End PBXTargetDependency section */

/* Begin PBXVariantGroup section */
		50E19DD52C67DB2D00467A35 /* Main.storyboard */ = {
			isa = PBXVariantGroup;
			children = (
				50E19DD62C67DB2D00467A35 /* Base */,
			);
			name = Main.storyboard;
			sourceTree = "<group>";
		};
		50E19DDA2C67DB2F00467A35 /* LaunchScreen.storyboard */ = {
			isa = PBXVariantGroup;
			children = (
				50E19DDB2C67DB2F00467A35 /* Base */,
			);
			name = LaunchScreen.storyboard;
			sourceTree = "<group>";
		};
/* End PBXVariantGroup section */

/* Begin XCBuildConfiguration section */
		50E19DF42C67DB2F00467A35 /* Debug */ = {
			isa = XCBuildConfiguration;
			buildSettings = {
				ALWAYS_SEARCH_USER_PATHS = NO;
				ASSETCATALOG_COMPILER_GENERATE_SWIFT_ASSET_SYMBOL_EXTENSIONS = YES;
				CLANG_ANALYZER_NONNULL = YES;
				CLANG_ANALYZER_NUMBER_OBJECT_CONVERSION = YES_AGGRESSIVE;
				CLANG_CXX_LANGUAGE_STANDARD = "gnu++20";
				CLANG_ENABLE_MODULES = YES;
				CLANG_ENABLE_OBJC_ARC = YES;
				CLANG_ENABLE_OBJC_WEAK = YES;
				CLANG_WARN_BLOCK_CAPTURE_AUTORELEASING = YES;
				CLANG_WARN_BOOL_CONVERSION = YES;
				CLANG_WARN_COMMA = YES;
				CLANG_WARN_CONSTANT_CONVERSION = YES;
				CLANG_WARN_DEPRECATED_OBJC_IMPLEMENTATIONS = YES;
				CLANG_WARN_DIRECT_OBJC_ISA_USAGE = YES_ERROR;
				CLANG_WARN_DOCUMENTATION_COMMENTS = YES;
				CLANG_WARN_EMPTY_BODY = YES;
				CLANG_WARN_ENUM_CONVERSION = YES;
				CLANG_WARN_INFINITE_RECURSION = YES;
				CLANG_WARN_INT_CONVERSION = YES;
				CLANG_WARN_NON_LITERAL_NULL_CONVERSION = YES;
				CLANG_WARN_OBJC_IMPLICIT_RETAIN_SELF = YES;
				CLANG_WARN_OBJC_LITERAL_CONVERSION = YES;
				CLANG_WARN_OBJC_ROOT_CLASS = YES_ERROR;
				CLANG_WARN_QUOTED_INCLUDE_IN_FRAMEWORK_HEADER = YES;
				CLANG_WARN_RANGE_LOOP_ANALYSIS = YES;
				CLANG_WARN_STRICT_PROTOTYPES = YES;
				CLANG_WARN_SUSPICIOUS_MOVE = YES;
				CLANG_WARN_UNGUARDED_AVAILABILITY = YES_AGGRESSIVE;
				CLANG_WARN_UNREACHABLE_CODE = YES;
				CLANG_WARN__DUPLICATE_METHOD_MATCH = YES;
				COPY_PHASE_STRIP = NO;
				DEBUG_INFORMATION_FORMAT = dwarf;
				ENABLE_STRICT_OBJC_MSGSEND = YES;
				ENABLE_TESTABILITY = YES;
				ENABLE_USER_SCRIPT_SANDBOXING = YES;
				GCC_C_LANGUAGE_STANDARD = gnu17;
				GCC_DYNAMIC_NO_PIC = NO;
				GCC_NO_COMMON_BLOCKS = YES;
				GCC_OPTIMIZATION_LEVEL = 0;
				GCC_PREPROCESSOR_DEFINITIONS = (
					"DEBUG=1",
					"$(inherited)",
				);
				GCC_WARN_64_TO_32_BIT_CONVERSION = YES;
				GCC_WARN_ABOUT_RETURN_TYPE = YES_ERROR;
				GCC_WARN_UNDECLARED_SELECTOR = YES;
				GCC_WARN_UNINITIALIZED_AUTOS = YES_AGGRESSIVE;
				GCC_WARN_UNUSED_FUNCTION = YES;
				GCC_WARN_UNUSED_VARIABLE = YES;
				IPHONEOS_DEPLOYMENT_TARGET = 17.2;
				LOCALIZATION_PREFERS_STRING_CATALOGS = YES;
				MTL_ENABLE_DEBUG_INFO = INCLUDE_SOURCE;
				MTL_FAST_MATH = YES;
				ONLY_ACTIVE_ARCH = YES;
				SDKROOT = iphoneos;
				SWIFT_ACTIVE_COMPILATION_CONDITIONS = "DEBUG $(inherited)";
				SWIFT_OPTIMIZATION_LEVEL = "-Onone";
			};
			name = Debug;
		};
		50E19DF52C67DB2F00467A35 /* Release */ = {
			isa = XCBuildConfiguration;
			buildSettings = {
				ALWAYS_SEARCH_USER_PATHS = NO;
				ASSETCATALOG_COMPILER_GENERATE_SWIFT_ASSET_SYMBOL_EXTENSIONS = YES;
				CLANG_ANALYZER_NONNULL = YES;
				CLANG_ANALYZER_NUMBER_OBJECT_CONVERSION = YES_AGGRESSIVE;
				CLANG_CXX_LANGUAGE_STANDARD = "gnu++20";
				CLANG_ENABLE_MODULES = YES;
				CLANG_ENABLE_OBJC_ARC = YES;
				CLANG_ENABLE_OBJC_WEAK = YES;
				CLANG_WARN_BLOCK_CAPTURE_AUTORELEASING = YES;
				CLANG_WARN_BOOL_CONVERSION = YES;
				CLANG_WARN_COMMA = YES;
				CLANG_WARN_CONSTANT_CONVERSION = YES;
				CLANG_WARN_DEPRECATED_OBJC_IMPLEMENTATIONS = YES;
				CLANG_WARN_DIRECT_OBJC_ISA_USAGE = YES_ERROR;
				CLANG_WARN_DOCUMENTATION_COMMENTS = YES;
				CLANG_WARN_EMPTY_BODY = YES;
				CLANG_WARN_ENUM_CONVERSION = YES;
				CLANG_WARN_INFINITE_RECURSION = YES;
				CLANG_WARN_INT_CONVERSION = YES;
				CLANG_WARN_NON_LITERAL_NULL_CONVERSION = YES;
				CLANG_WARN_OBJC_IMPLICIT_RETAIN_SELF = YES;
				CLANG_WARN_OBJC_LITERAL_CONVERSION = YES;
				CLANG_WARN_OBJC_ROOT_CLASS = YES_ERROR;
				CLANG_WARN_QUOTED_INCLUDE_IN_FRAMEWORK_HEADER = YES;
				CLANG_WARN_RANGE_LOOP_ANALYSIS = YES;
				CLANG_WARN_STRICT_PROTOTYPES = YES;
				CLANG_WARN_SUSPICIOUS_MOVE = YES;
				CLANG_WARN_UNGUARDED_AVAILABILITY = YES_AGGRESSIVE;
				CLANG_WARN_UNREACHABLE_CODE = YES;
				CLANG_WARN__DUPLICATE_METHOD_MATCH = YES;
				COPY_PHASE_STRIP = NO;
				DEBUG_INFORMATION_FORMAT = "dwarf-with-dsym";
				ENABLE_NS_ASSERTIONS = NO;
				ENABLE_STRICT_OBJC_MSGSEND = YES;
				ENABLE_USER_SCRIPT_SANDBOXING = YES;
				GCC_C_LANGUAGE_STANDARD = gnu17;
				GCC_NO_COMMON_BLOCKS = YES;
				GCC_WARN_64_TO_32_BIT_CONVERSION = YES;
				GCC_WARN_ABOUT_RETURN_TYPE = YES_ERROR;
				GCC_WARN_UNDECLARED_SELECTOR = YES;
				GCC_WARN_UNINITIALIZED_AUTOS = YES_AGGRESSIVE;
				GCC_WARN_UNUSED_FUNCTION = YES;
				GCC_WARN_UNUSED_VARIABLE = YES;
				IPHONEOS_DEPLOYMENT_TARGET = 17.2;
				LOCALIZATION_PREFERS_STRING_CATALOGS = YES;
				MTL_ENABLE_DEBUG_INFO = NO;
				MTL_FAST_MATH = YES;
				SDKROOT = iphoneos;
				SWIFT_COMPILATION_MODE = wholemodule;
				VALIDATE_PRODUCT = YES;
			};
			name = Release;
		};
		50E19DF72C67DB2F00467A35 /* Debug */ = {
			isa = XCBuildConfiguration;
			buildSettings = {
				ASSETCATALOG_COMPILER_APPICON_NAME = AppIcon;
				ASSETCATALOG_COMPILER_GLOBAL_ACCENT_COLOR_NAME = AccentColor;
				CODE_SIGN_STYLE = Automatic;
				CURRENT_PROJECT_VERSION = 1;
				GENERATE_INFOPLIST_FILE = YES;
				INFOPLIST_FILE = CafeApp/Info.plist;
				INFOPLIST_KEY_UIApplicationSupportsIndirectInputEvents = YES;
				INFOPLIST_KEY_UILaunchStoryboardName = LaunchScreen;
				INFOPLIST_KEY_UIMainStoryboardFile = Main;
				INFOPLIST_KEY_UISupportedInterfaceOrientations_iPad = "UIInterfaceOrientationPortrait UIInterfaceOrientationPortraitUpsideDown UIInterfaceOrientationLandscapeLeft UIInterfaceOrientationLandscapeRight";
				INFOPLIST_KEY_UISupportedInterfaceOrientations_iPhone = "UIInterfaceOrientationPortrait UIInterfaceOrientationLandscapeLeft UIInterfaceOrientationLandscapeRight";
				IPHONEOS_DEPLOYMENT_TARGET = 17.0;
				LD_RUNPATH_SEARCH_PATHS = (
					"$(inherited)",
					"@executable_path/Frameworks",
				);
				MARKETING_VERSION = 1.0;
				PRODUCT_BUNDLE_IDENTIFIER = "Course-2-lesson-2.CafeApp";
				PRODUCT_NAME = "$(TARGET_NAME)";
				SWIFT_EMIT_LOC_STRINGS = YES;
				SWIFT_VERSION = 5.0;
				TARGETED_DEVICE_FAMILY = "1,2";
			};
			name = Debug;
		};
		50E19DF82C67DB2F00467A35 /* Release */ = {
			isa = XCBuildConfiguration;
			buildSettings = {
				ASSETCATALOG_COMPILER_APPICON_NAME = AppIcon;
				ASSETCATALOG_COMPILER_GLOBAL_ACCENT_COLOR_NAME = AccentColor;
				CODE_SIGN_STYLE = Automatic;
				CURRENT_PROJECT_VERSION = 1;
				GENERATE_INFOPLIST_FILE = YES;
				INFOPLIST_FILE = CafeApp/Info.plist;
				INFOPLIST_KEY_UIApplicationSupportsIndirectInputEvents = YES;
				INFOPLIST_KEY_UILaunchStoryboardName = LaunchScreen;
				INFOPLIST_KEY_UIMainStoryboardFile = Main;
				INFOPLIST_KEY_UISupportedInterfaceOrientations_iPad = "UIInterfaceOrientationPortrait UIInterfaceOrientationPortraitUpsideDown UIInterfaceOrientationLandscapeLeft UIInterfaceOrientationLandscapeRight";
				INFOPLIST_KEY_UISupportedInterfaceOrientations_iPhone = "UIInterfaceOrientationPortrait UIInterfaceOrientationLandscapeLeft UIInterfaceOrientationLandscapeRight";
				IPHONEOS_DEPLOYMENT_TARGET = 17.0;
				LD_RUNPATH_SEARCH_PATHS = (
					"$(inherited)",
					"@executable_path/Frameworks",
				);
				MARKETING_VERSION = 1.0;
				PRODUCT_BUNDLE_IDENTIFIER = "Course-2-lesson-2.CafeApp";
				PRODUCT_NAME = "$(TARGET_NAME)";
				SWIFT_EMIT_LOC_STRINGS = YES;
				SWIFT_VERSION = 5.0;
				TARGETED_DEVICE_FAMILY = "1,2";
			};
			name = Release;
		};
		50E19DFA2C67DB2F00467A35 /* Debug */ = {
			isa = XCBuildConfiguration;
			buildSettings = {
				ALWAYS_EMBED_SWIFT_STANDARD_LIBRARIES = YES;
				BUNDLE_LOADER = "$(TEST_HOST)";
				CODE_SIGN_STYLE = Automatic;
				CURRENT_PROJECT_VERSION = 1;
				GENERATE_INFOPLIST_FILE = YES;
				IPHONEOS_DEPLOYMENT_TARGET = 17.2;
				MARKETING_VERSION = 1.0;
				PRODUCT_BUNDLE_IDENTIFIER = "Course-2-lesson-2.CafeAppTests";
				PRODUCT_NAME = "$(TARGET_NAME)";
				SWIFT_EMIT_LOC_STRINGS = NO;
				SWIFT_VERSION = 5.0;
				TARGETED_DEVICE_FAMILY = "1,2";
				TEST_HOST = "$(BUILT_PRODUCTS_DIR)/CafeApp.app/$(BUNDLE_EXECUTABLE_FOLDER_PATH)/CafeApp";
			};
			name = Debug;
		};
		50E19DFB2C67DB2F00467A35 /* Release */ = {
			isa = XCBuildConfiguration;
			buildSettings = {
				ALWAYS_EMBED_SWIFT_STANDARD_LIBRARIES = YES;
				BUNDLE_LOADER = "$(TEST_HOST)";
				CODE_SIGN_STYLE = Automatic;
				CURRENT_PROJECT_VERSION = 1;
				GENERATE_INFOPLIST_FILE = YES;
				IPHONEOS_DEPLOYMENT_TARGET = 17.2;
				MARKETING_VERSION = 1.0;
				PRODUCT_BUNDLE_IDENTIFIER = "Course-2-lesson-2.CafeAppTests";
				PRODUCT_NAME = "$(TARGET_NAME)";
				SWIFT_EMIT_LOC_STRINGS = NO;
				SWIFT_VERSION = 5.0;
				TARGETED_DEVICE_FAMILY = "1,2";
				TEST_HOST = "$(BUILT_PRODUCTS_DIR)/CafeApp.app/$(BUNDLE_EXECUTABLE_FOLDER_PATH)/CafeApp";
			};
			name = Release;
		};
		50E19DFD2C67DB2F00467A35 /* Debug */ = {
			isa = XCBuildConfiguration;
			buildSettings = {
				ALWAYS_EMBED_SWIFT_STANDARD_LIBRARIES = YES;
				CODE_SIGN_STYLE = Automatic;
				CURRENT_PROJECT_VERSION = 1;
				GENERATE_INFOPLIST_FILE = YES;
				MARKETING_VERSION = 1.0;
				PRODUCT_BUNDLE_IDENTIFIER = "Course-2-lesson-2.CafeAppUITests";
				PRODUCT_NAME = "$(TARGET_NAME)";
				SWIFT_EMIT_LOC_STRINGS = NO;
				SWIFT_VERSION = 5.0;
				TARGETED_DEVICE_FAMILY = "1,2";
				TEST_TARGET_NAME = CafeApp;
			};
			name = Debug;
		};
		50E19DFE2C67DB2F00467A35 /* Release */ = {
			isa = XCBuildConfiguration;
			buildSettings = {
				ALWAYS_EMBED_SWIFT_STANDARD_LIBRARIES = YES;
				CODE_SIGN_STYLE = Automatic;
				CURRENT_PROJECT_VERSION = 1;
				GENERATE_INFOPLIST_FILE = YES;
				MARKETING_VERSION = 1.0;
				PRODUCT_BUNDLE_IDENTIFIER = "Course-2-lesson-2.CafeAppUITests";
				PRODUCT_NAME = "$(TARGET_NAME)";
				SWIFT_EMIT_LOC_STRINGS = NO;
				SWIFT_VERSION = 5.0;
				TARGETED_DEVICE_FAMILY = "1,2";
				TEST_TARGET_NAME = CafeApp;
			};
			name = Release;
		};
/* End XCBuildConfiguration section */

/* Begin XCConfigurationList section */
		50E19DC72C67DB2D00467A35 /* Build configuration list for PBXProject "CafeApp" */ = {
			isa = XCConfigurationList;
			buildConfigurations = (
				50E19DF42C67DB2F00467A35 /* Debug */,
				50E19DF52C67DB2F00467A35 /* Release */,
			);
			defaultConfigurationIsVisible = 0;
			defaultConfigurationName = Release;
		};
		50E19DF62C67DB2F00467A35 /* Build configuration list for PBXNativeTarget "CafeApp" */ = {
			isa = XCConfigurationList;
			buildConfigurations = (
				50E19DF72C67DB2F00467A35 /* Debug */,
				50E19DF82C67DB2F00467A35 /* Release */,
			);
			defaultConfigurationIsVisible = 0;
			defaultConfigurationName = Release;
		};
		50E19DF92C67DB2F00467A35 /* Build configuration list for PBXNativeTarget "CafeAppTests" */ = {
			isa = XCConfigurationList;
			buildConfigurations = (
				50E19DFA2C67DB2F00467A35 /* Debug */,
				50E19DFB2C67DB2F00467A35 /* Release */,
			);
			defaultConfigurationIsVisible = 0;
			defaultConfigurationName = Release;
		};
		50E19DFC2C67DB2F00467A35 /* Build configuration list for PBXNativeTarget "CafeAppUITests" */ = {
			isa = XCConfigurationList;
			buildConfigurations = (
				50E19DFD2C67DB2F00467A35 /* Debug */,
				50E19DFE2C67DB2F00467A35 /* Release */,
			);
			defaultConfigurationIsVisible = 0;
			defaultConfigurationName = Release;
		};
/* End XCConfigurationList section */
	};
	rootObject = 50E19DC42C67DB2D00467A35 /* Project object */;
}
